// !$*UTF8*$!
{
	archiveVersion = 1;
	classes = {
	};
	objectVersion = 50;
	objects = {

/* Begin PBXBuildFile section */
		147298C1264F001C001BA6D4 /* AppDelegate.swift in Sources */ = {isa = PBXBuildFile; fileRef = 147298C0264F001C001BA6D4 /* AppDelegate.swift */; };
		147298C3264F001C001BA6D4 /* SceneDelegate.swift in Sources */ = {isa = PBXBuildFile; fileRef = 147298C2264F001C001BA6D4 /* SceneDelegate.swift */; };
		147298C5264F001C001BA6D4 /* MainViewController.swift in Sources */ = {isa = PBXBuildFile; fileRef = 147298C4264F001C001BA6D4 /* MainViewController.swift */; };
		147298C8264F001C001BA6D4 /* Main.storyboard in Resources */ = {isa = PBXBuildFile; fileRef = 147298C6264F001C001BA6D4 /* Main.storyboard */; };
		147298CA264F001F001BA6D4 /* Assets.xcassets in Resources */ = {isa = PBXBuildFile; fileRef = 147298C9264F001F001BA6D4 /* Assets.xcassets */; };
		147298CD264F001F001BA6D4 /* LaunchScreen.storyboard in Resources */ = {isa = PBXBuildFile; fileRef = 147298CB264F001F001BA6D4 /* LaunchScreen.storyboard */; };
		147298D7264F066B001BA6D4 /* MovieViewController.swift in Sources */ = {isa = PBXBuildFile; fileRef = 147298D6264F066B001BA6D4 /* MovieViewController.swift */; };
		147298DA264F06DE001BA6D4 /* Movie.swift in Sources */ = {isa = PBXBuildFile; fileRef = 147298D9264F06DE001BA6D4 /* Movie.swift */; };
		147298DC264F0956001BA6D4 /* Database.swift in Sources */ = {isa = PBXBuildFile; fileRef = 147298DB264F0956001BA6D4 /* Database.swift */; };
/* End PBXBuildFile section */

/* Begin PBXFileReference section */
		147298BD264F001C001BA6D4 /* iMovie.app */ = {isa = PBXFileReference; explicitFileType = wrapper.application; includeInIndex = 0; path = iMovie.app; sourceTree = BUILT_PRODUCTS_DIR; };
		147298C0264F001C001BA6D4 /* AppDelegate.swift */ = {isa = PBXFileReference; lastKnownFileType = sourcecode.swift; path = AppDelegate.swift; sourceTree = "<group>"; };
		147298C2264F001C001BA6D4 /* SceneDelegate.swift */ = {isa = PBXFileReference; lastKnownFileType = sourcecode.swift; path = SceneDelegate.swift; sourceTree = "<group>"; };
		147298C4264F001C001BA6D4 /* MainViewController.swift */ = {isa = PBXFileReference; lastKnownFileType = sourcecode.swift; path = MainViewController.swift; sourceTree = "<group>"; };
		147298C7264F001C001BA6D4 /* Base */ = {isa = PBXFileReference; lastKnownFileType = file.storyboard; name = Base; path = Base.lproj/Main.storyboard; sourceTree = "<group>"; };
		147298C9264F001F001BA6D4 /* Assets.xcassets */ = {isa = PBXFileReference; lastKnownFileType = folder.assetcatalog; path = Assets.xcassets; sourceTree = "<group>"; };
		147298CC264F001F001BA6D4 /* Base */ = {isa = PBXFileReference; lastKnownFileType = file.storyboard; name = Base; path = Base.lproj/LaunchScreen.storyboard; sourceTree = "<group>"; };
		147298CE264F001F001BA6D4 /* Info.plist */ = {isa = PBXFileReference; lastKnownFileType = text.plist.xml; path = Info.plist; sourceTree = "<group>"; };
		147298D6264F066B001BA6D4 /* MovieViewController.swift */ = {isa = PBXFileReference; lastKnownFileType = sourcecode.swift; path = MovieViewController.swift; sourceTree = "<group>"; };
		147298D9264F06DE001BA6D4 /* Movie.swift */ = {isa = PBXFileReference; lastKnownFileType = sourcecode.swift; path = Movie.swift; sourceTree = "<group>"; };
		147298DB264F0956001BA6D4 /* Database.swift */ = {isa = PBXFileReference; lastKnownFileType = sourcecode.swift; path = Database.swift; sourceTree = "<group>"; };
/* End PBXFileReference section */

/* Begin PBXFrameworksBuildPhase section */
		147298BA264F001C001BA6D4 /* Frameworks */ = {
			isa = PBXFrameworksBuildPhase;
			buildActionMask = 2147483647;
			files = (
			);
			runOnlyForDeploymentPostprocessing = 0;
		};
/* End PBXFrameworksBuildPhase section */

/* Begin PBXGroup section */
		147298B4264F001C001BA6D4 = {
			isa = PBXGroup;
			children = (
				147298BF264F001C001BA6D4 /* iMovie */,
				147298BE264F001C001BA6D4 /* Products */,
			);
			sourceTree = "<group>";
		};
		147298BE264F001C001BA6D4 /* Products */ = {
			isa = PBXGroup;
			children = (
				147298BD264F001C001BA6D4 /* iMovie.app */,
			);
			name = Products;
			sourceTree = "<group>";
		};
		147298BF264F001C001BA6D4 /* iMovie */ = {
			isa = PBXGroup;
			children = (
				147298D8264F06CD001BA6D4 /* model */,
				147298D5264F0045001BA6D4 /* controller */,
				147298D4264F003E001BA6D4 /* view */,
				147298C0264F001C001BA6D4 /* AppDelegate.swift */,
				147298C2264F001C001BA6D4 /* SceneDelegate.swift */,
				147298C9264F001F001BA6D4 /* Assets.xcassets */,
				147298CB264F001F001BA6D4 /* LaunchScreen.storyboard */,
				147298CE264F001F001BA6D4 /* Info.plist */,
			);
			path = iMovie;
			sourceTree = "<group>";
		};
		147298D4264F003E001BA6D4 /* view */ = {
			isa = PBXGroup;
			children = (
				147298C6264F001C001BA6D4 /* Main.storyboard */,
			);
			path = view;
			sourceTree = "<group>";
		};
		147298D5264F0045001BA6D4 /* controller */ = {
			isa = PBXGroup;
			children = (
				147298C4264F001C001BA6D4 /* MainViewController.swift */,
				147298D6264F066B001BA6D4 /* MovieViewController.swift */,
			);
			path = controller;
			sourceTree = "<group>";
		};
		147298D8264F06CD001BA6D4 /* model */ = {
			isa = PBXGroup;
			children = (
				147298D9264F06DE001BA6D4 /* Movie.swift */,
				147298DB264F0956001BA6D4 /* Database.swift */,
			);
			path = model;
			sourceTree = "<group>";
		};
/* End PBXGroup section */

/* Begin PBXNativeTarget section */
		147298BC264F001C001BA6D4 /* iMovie */ = {
			isa = PBXNativeTarget;
			buildConfigurationList = 147298D1264F001F001BA6D4 /* Build configuration list for PBXNativeTarget "iMovie" */;
			buildPhases = (
				147298B9264F001C001BA6D4 /* Sources */,
				147298BA264F001C001BA6D4 /* Frameworks */,
				147298BB264F001C001BA6D4 /* Resources */,
			);
			buildRules = (
			);
			dependencies = (
			);
			name = iMovie;
			productName = iMovie;
			productReference = 147298BD264F001C001BA6D4 /* iMovie.app */;
			productType = "com.apple.product-type.application";
		};
/* End PBXNativeTarget section */

/* Begin PBXProject section */
		147298B5264F001C001BA6D4 /* Project object */ = {
			isa = PBXProject;
			attributes = {
				LastSwiftUpdateCheck = 1130;
				LastUpgradeCheck = 1130;
				ORGANIZATIONNAME = IFPB;
				TargetAttributes = {
					147298BC264F001C001BA6D4 = {
						CreatedOnToolsVersion = 11.3.1;
					};
				};
			};
			buildConfigurationList = 147298B8264F001C001BA6D4 /* Build configuration list for PBXProject "iMovie" */;
			compatibilityVersion = "Xcode 9.3";
			developmentRegion = en;
			hasScannedForEncodings = 0;
			knownRegions = (
				en,
				Base,
			);
			mainGroup = 147298B4264F001C001BA6D4;
			productRefGroup = 147298BE264F001C001BA6D4 /* Products */;
			projectDirPath = "";
			projectRoot = "";
			targets = (
				147298BC264F001C001BA6D4 /* iMovie */,
			);
		};
/* End PBXProject section */

/* Begin PBXResourcesBuildPhase section */
		147298BB264F001C001BA6D4 /* Resources */ = {
			isa = PBXResourcesBuildPhase;
			buildActionMask = 2147483647;
			files = (
				147298CD264F001F001BA6D4 /* LaunchScreen.storyboard in Resources */,
				147298CA264F001F001BA6D4 /* Assets.xcassets in Resources */,
				147298C8264F001C001BA6D4 /* Main.storyboard in Resources */,
			);
			runOnlyForDeploymentPostprocessing = 0;
		};
/* End PBXResourcesBuildPhase section */

/* Begin PBXSourcesBuildPhase section */
		147298B9264F001C001BA6D4 /* Sources */ = {
			isa = PBXSourcesBuildPhase;
			buildActionMask = 2147483647;
			files = (
				147298DC264F0956001BA6D4 /* Database.swift in Sources */,
				147298C5264F001C001BA6D4 /* MainViewController.swift in Sources */,
				147298C1264F001C001BA6D4 /* AppDelegate.swift in Sources */,
				147298C3264F001C001BA6D4 /* SceneDelegate.swift in Sources */,
				147298D7264F066B001BA6D4 /* MovieViewController.swift in Sources */,
				147298DA264F06DE001BA6D4 /* Movie.swift in Sources */,
			);
			runOnlyForDeploymentPostprocessing = 0;
		};
/* End PBXSourcesBuildPhase section */

/* Begin PBXVariantGroup section */
		147298C6264F001C001BA6D4 /* Main.storyboard */ = {
			isa = PBXVariantGroup;
			children = (
				147298C7264F001C001BA6D4 /* Base */,
			);
			name = Main.storyboard;
			sourceTree = "<group>";
		};
		147298CB264F001F001BA6D4 /* LaunchScreen.storyboard */ = {
			isa = PBXVariantGroup;
			children = (
				147298CC264F001F001BA6D4 /* Base */,
			);
			name = LaunchScreen.storyboard;
			sourceTree = "<group>";
		};
/* End PBXVariantGroup section */

/* Begin XCBuildConfiguration section */
		147298CF264F001F001BA6D4 /* Debug */ = {
			isa = XCBuildConfiguration;
			buildSettings = {
				ALWAYS_SEARCH_USER_PATHS = NO;
				CLANG_ANALYZER_NONNULL = YES;
				CLANG_ANALYZER_NUMBER_OBJECT_CONVERSION = YES_AGGRESSIVE;
				CLANG_CXX_LANGUAGE_STANDARD = "gnu++14";
				CLANG_CXX_LIBRARY = "libc++";
				CLANG_ENABLE_MODULES = YES;
				CLANG_ENABLE_OBJC_ARC = YES;
				CLANG_ENABLE_OBJC_WEAK = YES;
				CLANG_WARN_BLOCK_CAPTURE_AUTORELEASING = YES;
				CLANG_WARN_BOOL_CONVERSION = YES;
				CLANG_WARN_COMMA = YES;
				CLANG_WARN_CONSTANT_CONVERSION = YES;
				CLANG_WARN_DEPRECATED_OBJC_IMPLEMENTATIONS = YES;
				CLANG_WARN_DIRECT_OBJC_ISA_USAGE = YES_ERROR;
				CLANG_WARN_DOCUMENTATION_COMMENTS = YES;
				CLANG_WARN_EMPTY_BODY = YES;
				CLANG_WARN_ENUM_CONVERSION = YES;
				CLANG_WARN_INFINITE_RECURSION = YES;
				CLANG_WARN_INT_CONVERSION = YES;
				CLANG_WARN_NON_LITERAL_NULL_CONVERSION = YES;
				CLANG_WARN_OBJC_IMPLICIT_RETAIN_SELF = YES;
				CLANG_WARN_OBJC_LITERAL_CONVERSION = YES;
				CLANG_WARN_OBJC_ROOT_CLASS = YES_ERROR;
				CLANG_WARN_RANGE_LOOP_ANALYSIS = YES;
				CLANG_WARN_STRICT_PROTOTYPES = YES;
				CLANG_WARN_SUSPICIOUS_MOVE = YES;
				CLANG_WARN_UNGUARDED_AVAILABILITY = YES_AGGRESSIVE;
				CLANG_WARN_UNREACHABLE_CODE = YES;
				CLANG_WARN__DUPLICATE_METHOD_MATCH = YES;
				COPY_PHASE_STRIP = NO;
				DEBUG_INFORMATION_FORMAT = dwarf;
				ENABLE_STRICT_OBJC_MSGSEND = YES;
				ENABLE_TESTABILITY = YES;
				GCC_C_LANGUAGE_STANDARD = gnu11;
				GCC_DYNAMIC_NO_PIC = NO;
				GCC_NO_COMMON_BLOCKS = YES;
				GCC_OPTIMIZATION_LEVEL = 0;
				GCC_PREPROCESSOR_DEFINITIONS = (
					"DEBUG=1",
					"$(inherited)",
				);
				GCC_WARN_64_TO_32_BIT_CONVERSION = YES;
				GCC_WARN_ABOUT_RETURN_TYPE = YES_ERROR;
				GCC_WARN_UNDECLARED_SELECTOR = YES;
				GCC_WARN_UNINITIALIZED_AUTOS = YES_AGGRESSIVE;
				GCC_WARN_UNUSED_FUNCTION = YES;
				GCC_WARN_UNUSED_VARIABLE = YES;
				IPHONEOS_DEPLOYMENT_TARGET = 13.2;
				MTL_ENABLE_DEBUG_INFO = INCLUDE_SOURCE;
				MTL_FAST_MATH = YES;
				ONLY_ACTIVE_ARCH = YES;
				SDKROOT = iphoneos;
				SWIFT_ACTIVE_COMPILATION_CONDITIONS = DEBUG;
				SWIFT_OPTIMIZATION_LEVEL = "-Onone";
			};
			name = Debug;
		};
		147298D0264F001F001BA6D4 /* Release */ = {
			isa = XCBuildConfiguration;
			buildSettings = {
				ALWAYS_SEARCH_USER_PATHS = NO;
				CLANG_ANALYZER_NONNULL = YES;
				CLANG_ANALYZER_NUMBER_OBJECT_CONVERSION = YES_AGGRESSIVE;
				CLANG_CXX_LANGUAGE_STANDARD = "gnu++14";
				CLANG_CXX_LIBRARY = "libc++";
				CLANG_ENABLE_MODULES = YES;
				CLANG_ENABLE_OBJC_ARC = YES;
				CLANG_ENABLE_OBJC_WEAK = YES;
				CLANG_WARN_BLOCK_CAPTURE_AUTORELEASING = YES;
				CLANG_WARN_BOOL_CONVERSION = YES;
				CLANG_WARN_COMMA = YES;
				CLANG_WARN_CONSTANT_CONVERSION = YES;
				CLANG_WARN_DEPRECATED_OBJC_IMPLEMENTATIONS = YES;
				CLANG_WARN_DIRECT_OBJC_ISA_USAGE = YES_ERROR;
				CLANG_WARN_DOCUMENTATION_COMMENTS = YES;
				CLANG_WARN_EMPTY_BODY = YES;
				CLANG_WARN_ENUM_CONVERSION = YES;
				CLANG_WARN_INFINITE_RECURSION = YES;
				CLANG_WARN_INT_CONVERSION = YES;
				CLANG_WARN_NON_LITERAL_NULL_CONVERSION = YES;
				CLANG_WARN_OBJC_IMPLICIT_RETAIN_SELF = YES;
				CLANG_WARN_OBJC_LITERAL_CONVERSION = YES;
				CLANG_WARN_OBJC_ROOT_CLASS = YES_ERROR;
				CLANG_WARN_RANGE_LOOP_ANALYSIS = YES;
				CLANG_WARN_STRICT_PROTOTYPES = YES;
				CLANG_WARN_SUSPICIOUS_MOVE = YES;
				CLANG_WARN_UNGUARDED_AVAILABILITY = YES_AGGRESSIVE;
				CLANG_WARN_UNREACHABLE_CODE = YES;
				CLANG_WARN__DUPLICATE_METHOD_MATCH = YES;
				COPY_PHASE_STRIP = NO;
				DEBUG_INFORMATION_FORMAT = "dwarf-with-dsym";
				ENABLE_NS_ASSERTIONS = NO;
				ENABLE_STRICT_OBJC_MSGSEND = YES;
				GCC_C_LANGUAGE_STANDARD = gnu11;
				GCC_NO_COMMON_BLOCKS = YES;
				GCC_WARN_64_TO_32_BIT_CONVERSION = YES;
				GCC_WARN_ABOUT_RETURN_TYPE = YES_ERROR;
				GCC_WARN_UNDECLARED_SELECTOR = YES;
				GCC_WARN_UNINITIALIZED_AUTOS = YES_AGGRESSIVE;
				GCC_WARN_UNUSED_FUNCTION = YES;
				GCC_WARN_UNUSED_VARIABLE = YES;
				IPHONEOS_DEPLOYMENT_TARGET = 13.2;
				MTL_ENABLE_DEBUG_INFO = NO;
				MTL_FAST_MATH = YES;
				SDKROOT = iphoneos;
				SWIFT_COMPILATION_MODE = wholemodule;
				SWIFT_OPTIMIZATION_LEVEL = "-O";
				VALIDATE_PRODUCT = YES;
			};
			name = Release;
		};
		147298D2264F001F001BA6D4 /* Debug */ = {
			isa = XCBuildConfiguration;
			buildSettings = {
				ASSETCATALOG_COMPILER_APPICON_NAME = AppIcon;
				CODE_SIGN_STYLE = Automatic;
				INFOPLIST_FILE = iMovie/Info.plist;
				LD_RUNPATH_SEARCH_PATHS = (
					"$(inherited)",
					"@executable_path/Frameworks",
				);
				PRODUCT_BUNDLE_IDENTIFIER = com.ifpb.iMovie;
				PRODUCT_NAME = "$(TARGET_NAME)";
				SWIFT_VERSION = 5.0;
				TARGETED_DEVICE_FAMILY = "1,2";
			};
			name = Debug;
		};
		147298D3264F001F001BA6D4 /* Release */ = {
			isa = XCBuildConfiguration;
			buildSettings = {
				ASSETCATALOG_COMPILER_APPICON_NAME = AppIcon;
				CODE_SIGN_STYLE = Automatic;
				INFOPLIST_FILE = iMovie/Info.plist;
				LD_RUNPATH_SEARCH_PATHS = (
					"$(inherited)",
					"@executable_path/Frameworks",
				);
				PRODUCT_BUNDLE_IDENTIFIER = com.ifpb.iMovie;
				PRODUCT_NAME = "$(TARGET_NAME)";
				SWIFT_VERSION = 5.0;
				TARGETED_DEVICE_FAMILY = "1,2";
			};
			name = Release;
		};
/* End XCBuildConfiguration section */

/* Begin XCConfigurationList section */
		147298B8264F001C001BA6D4 /* Build configuration list for PBXProject "iMovie" */ = {
			isa = XCConfigurationList;
			buildConfigurations = (
				147298CF264F001F001BA6D4 /* Debug */,
				147298D0264F001F001BA6D4 /* Release */,
			);
			defaultConfigurationIsVisible = 0;
			defaultConfigurationName = Release;
		};
		147298D1264F001F001BA6D4 /* Build configuration list for PBXNativeTarget "iMovie" */ = {
			isa = XCConfigurationList;
			buildConfigurations = (
				147298D2264F001F001BA6D4 /* Debug */,
				147298D3264F001F001BA6D4 /* Release */,
			);
			defaultConfigurationIsVisible = 0;
			defaultConfigurationName = Release;
		};
/* End XCConfigurationList section */
	};
	rootObject = 147298B5264F001C001BA6D4 /* Project object */;
}
